// !$*UTF8*$!
{
	archiveVersion = 1;
	classes = {
	};
	objectVersion = 56;
	objects = {

/* Begin PBXBuildFile section */
		770D6BF629B566120085A250 /* CreateEmailViewModel.swift in Sources */ = {isa = PBXBuildFile; fileRef = 770D6BF529B566120085A250 /* CreateEmailViewModel.swift */; };
		770D6BF829B566470085A250 /* CreateEmailViewController.swift in Sources */ = {isa = PBXBuildFile; fileRef = 770D6BF729B566470085A250 /* CreateEmailViewController.swift */; };
		770D6BFD29B5B3A50085A250 /* CertificationNumberViewModel.swift in Sources */ = {isa = PBXBuildFile; fileRef = 770D6BFC29B5B3A50085A250 /* CertificationNumberViewModel.swift */; };
		770D6C0329B5B3DC0085A250 /* CertificationNumberViewController.swift in Sources */ = {isa = PBXBuildFile; fileRef = 770D6C0229B5B3DC0085A250 /* CertificationNumberViewController.swift */; };
		770D6C0829B5D2310085A250 /* CreateNicknameViewModel.swift in Sources */ = {isa = PBXBuildFile; fileRef = 770D6C0729B5D2310085A250 /* CreateNicknameViewModel.swift */; };
		770D6C0A29B5D23D0085A250 /* CreateNicknameViewController.swift in Sources */ = {isa = PBXBuildFile; fileRef = 770D6C0929B5D23D0085A250 /* CreateNicknameViewController.swift */; };
		770D6C1929B733F50085A250 /* DPOTPView in Frameworks */ = {isa = PBXBuildFile; productRef = 770D6C1829B733F50085A250 /* DPOTPView */; };
		770D6C2129B87D730085A250 /* TextField.swift in Sources */ = {isa = PBXBuildFile; fileRef = 770D6C2029B87D730085A250 /* TextField.swift */; };
		770D6C2B29B9A9AC0085A250 /* ThemeViewController.swift in Sources */ = {isa = PBXBuildFile; fileRef = 770D6C2A29B9A9AC0085A250 /* ThemeViewController.swift */; };
		770D6C2D29B9A9B70085A250 /* ThemeViewModel.swift in Sources */ = {isa = PBXBuildFile; fileRef = 770D6C2C29B9A9B70085A250 /* ThemeViewModel.swift */; };
		770D6C2F29B9A9DC0085A250 /* ProfileViewModel.swift in Sources */ = {isa = PBXBuildFile; fileRef = 770D6C2E29B9A9DC0085A250 /* ProfileViewModel.swift */; };
		770D6C3129B9A9E60085A250 /* ProfileViewController.swift in Sources */ = {isa = PBXBuildFile; fileRef = 770D6C3029B9A9E60085A250 /* ProfileViewController.swift */; };
		770D6C3429B9D8300085A250 /* DailyLabel.swift in Sources */ = {isa = PBXBuildFile; fileRef = 770D6C3329B9D8300085A250 /* DailyLabel.swift */; };
		770D6C3C29C15D230085A250 /* TabBarFlow.swift in Sources */ = {isa = PBXBuildFile; fileRef = 770D6C3B29C15D230085A250 /* TabBarFlow.swift */; };
		770D6C3E29C15D380085A250 /* ProfileFlow.swift in Sources */ = {isa = PBXBuildFile; fileRef = 770D6C3D29C15D380085A250 /* ProfileFlow.swift */; };
		770D6C4029C15D460085A250 /* ThemeFlow.swift in Sources */ = {isa = PBXBuildFile; fileRef = 770D6C3F29C15D460085A250 /* ThemeFlow.swift */; };
		770D6C4529C982050085A250 /* ViewAnimator in Frameworks */ = {isa = PBXBuildFile; productRef = 770D6C4429C982050085A250 /* ViewAnimator */; };
		770D6C4829CAF7640085A250 /* ProfileCollectionCell.swift in Sources */ = {isa = PBXBuildFile; fileRef = 770D6C4729CAF7640085A250 /* ProfileCollectionCell.swift */; };
		770D6C4E29CC3E8E0085A250 /* SelectThemeCell.swift in Sources */ = {isa = PBXBuildFile; fileRef = 770D6C4D29CC3E8E0085A250 /* SelectThemeCell.swift */; };
		770D6C5029CD32FD0085A250 /* SeletThemeViewController.swift in Sources */ = {isa = PBXBuildFile; fileRef = 770D6C4F29CD32FD0085A250 /* SeletThemeViewController.swift */; };
		770D6C5229CD33280085A250 /* SelectThemeViewModel.swift in Sources */ = {isa = PBXBuildFile; fileRef = 770D6C5129CD33280085A250 /* SelectThemeViewModel.swift */; };
		7759603929D2858700C1C8B4 /* SplashViewController.swift in Sources */ = {isa = PBXBuildFile; fileRef = 7759603829D2858700C1C8B4 /* SplashViewController.swift */; };
		776FF43E2A31D44D007620D6 /* BaseURL.swift in Sources */ = {isa = PBXBuildFile; fileRef = 776FF43D2A31D44D007620D6 /* BaseURL.swift */; };
		776FF4442A31D4F1007620D6 /* LoginModel.swift in Sources */ = {isa = PBXBuildFile; fileRef = 776FF4432A31D4F1007620D6 /* LoginModel.swift */; };
		776FF4472A31D589007620D6 /* LoginRequest.swift in Sources */ = {isa = PBXBuildFile; fileRef = 776FF4462A31D589007620D6 /* LoginRequest.swift */; };
		776FF44A2A32BF58007620D6 /* AuthServices.swift in Sources */ = {isa = PBXBuildFile; fileRef = 776FF4492A32BF58007620D6 /* AuthServices.swift */; };
		776FF44C2A32C04C007620D6 /* DailyToken.swift in Sources */ = {isa = PBXBuildFile; fileRef = 776FF44B2A32C04C007620D6 /* DailyToken.swift */; };
		776FF4502A32F2C4007620D6 /* WriteRequest.swift in Sources */ = {isa = PBXBuildFile; fileRef = 776FF44F2A32F2C4007620D6 /* WriteRequest.swift */; };
		776FF4532A32F335007620D6 /* DiaryServices.swift in Sources */ = {isa = PBXBuildFile; fileRef = 776FF4522A32F335007620D6 /* DiaryServices.swift */; };
		776FF4562A371C1E007620D6 /* GetDiaryListModel.swift in Sources */ = {isa = PBXBuildFile; fileRef = 776FF4552A371C1E007620D6 /* GetDiaryListModel.swift */; };
		776FF45A2A371C82007620D6 /* ProfileServices.swift in Sources */ = {isa = PBXBuildFile; fileRef = 776FF4592A371C82007620D6 /* ProfileServices.swift */; };
		776FF45D2A3809A1007620D6 /* DiaryDetailModel.swift in Sources */ = {isa = PBXBuildFile; fileRef = 776FF45C2A3809A1007620D6 /* DiaryDetailModel.swift */; };
		779265182A3868DA00A19CFE /* EditDiaryRequest.swift in Sources */ = {isa = PBXBuildFile; fileRef = 779265172A3868DA00A19CFE /* EditDiaryRequest.swift */; };
		7792651D2A386DE200A19CFE /* DiaryCountModel.swift in Sources */ = {isa = PBXBuildFile; fileRef = 7792651C2A386DE200A19CFE /* DiaryCountModel.swift */; };
		779265232A387E2E00A19CFE /* AccountServices.swift in Sources */ = {isa = PBXBuildFile; fileRef = 779265222A387E2E00A19CFE /* AccountServices.swift */; };
		77C22EC1298916AF004CC9EC /* LoginFlow.swift in Sources */ = {isa = PBXBuildFile; fileRef = 77C22EC0298916AF004CC9EC /* LoginFlow.swift */; };
		77CB722C2994E46900FB2336 /* MainFlow.swift in Sources */ = {isa = PBXBuildFile; fileRef = 77CB722B2994E46900FB2336 /* MainFlow.swift */; };
		77EE65D429DC055A001423E4 /* CheckEmailViewController.swift in Sources */ = {isa = PBXBuildFile; fileRef = 77EE65D329DC055A001423E4 /* CheckEmailViewController.swift */; };
		77EE65D629DC0564001423E4 /* CheckEmailViewModel.swift in Sources */ = {isa = PBXBuildFile; fileRef = 77EE65D529DC0564001423E4 /* CheckEmailViewModel.swift */; };
		77EE65D829DC0588001423E4 /* AuthKeyViewController.swift in Sources */ = {isa = PBXBuildFile; fileRef = 77EE65D729DC0588001423E4 /* AuthKeyViewController.swift */; };
		77EE65DA29DC05B8001423E4 /* AuthKeyViewModel.swift in Sources */ = {isa = PBXBuildFile; fileRef = 77EE65D929DC05B8001423E4 /* AuthKeyViewModel.swift */; };
		77EE65DC29DC05C6001423E4 /* ChangePasswordViewController.swift in Sources */ = {isa = PBXBuildFile; fileRef = 77EE65DB29DC05C6001423E4 /* ChangePasswordViewController.swift */; };
		77EE65DE29DC05D1001423E4 /* ChangePasswordViewModel.swift in Sources */ = {isa = PBXBuildFile; fileRef = 77EE65DD29DC05D1001423E4 /* ChangePasswordViewModel.swift */; };
		77EE662529DE4477001423E4 /* DailyTextField.swift in Sources */ = {isa = PBXBuildFile; fileRef = 77EE662429DE4477001423E4 /* DailyTextField.swift */; };
		77F07259291DDBD8007FE1DD /* HomeViewController.swift in Sources */ = {isa = PBXBuildFile; fileRef = 77F07258291DDBD8007FE1DD /* HomeViewController.swift */; };
		77F0725B291DDBE2007FE1DD /* HomeViewModel.swift in Sources */ = {isa = PBXBuildFile; fileRef = 77F0725A291DDBE2007FE1DD /* HomeViewModel.swift */; };
		77F0725F29209BDF007FE1DD /* DailyShadow.swift in Sources */ = {isa = PBXBuildFile; fileRef = 77F0725E29209BDF007FE1DD /* DailyShadow.swift */; };
		77F0726129209BF1007FE1DD /* DailyColor.swift in Sources */ = {isa = PBXBuildFile; fileRef = 77F0726029209BF1007FE1DD /* DailyColor.swift */; };
		77F0726529223303007FE1DD /* DailyTabBar.swift in Sources */ = {isa = PBXBuildFile; fileRef = 77F0726429223303007FE1DD /* DailyTabBar.swift */; };
		77F072682922547F007FE1DD /* FSCalendar in Frameworks */ = {isa = PBXBuildFile; productRef = 77F072672922547F007FE1DD /* FSCalendar */; };
		77F0727629271028007FE1DD /* DailyViewController.swift in Sources */ = {isa = PBXBuildFile; fileRef = 77F0727529271028007FE1DD /* DailyViewController.swift */; };
		77F0727829271064007FE1DD /* DailyViewModel.swift in Sources */ = {isa = PBXBuildFile; fileRef = 77F0727729271064007FE1DD /* DailyViewModel.swift */; };
		77F0727A29271195007FE1DD /* DailyNavigation.swift in Sources */ = {isa = PBXBuildFile; fileRef = 77F0727929271195007FE1DD /* DailyNavigation.swift */; };
		77F0727C29288798007FE1DD /* DailyCalender.swift in Sources */ = {isa = PBXBuildFile; fileRef = 77F0727B29288798007FE1DD /* DailyCalender.swift */; };
		77F0737E29E7C20E00EE1FC9 /* CarouselView.swift in Sources */ = {isa = PBXBuildFile; fileRef = 77F0737D29E7C20E00EE1FC9 /* CarouselView.swift */; };
		77F0738129E7DFD200EE1FC9 /* DailyButton.swift in Sources */ = {isa = PBXBuildFile; fileRef = 77F0738029E7DFD200EE1FC9 /* DailyButton.swift */; };
		77F0738329E8181F00EE1FC9 /* Button.swift in Sources */ = {isa = PBXBuildFile; fileRef = 77F0738229E8181F00EE1FC9 /* Button.swift */; };
		77F13A40290AA4E000F7354A /* AppDelegate.swift in Sources */ = {isa = PBXBuildFile; fileRef = 77F13A3F290AA4E000F7354A /* AppDelegate.swift */; };
		77F13A42290AA4E000F7354A /* SceneDelegate.swift in Sources */ = {isa = PBXBuildFile; fileRef = 77F13A41290AA4E000F7354A /* SceneDelegate.swift */; };
		77F13A44290AA4E000F7354A /* IntroViewController.swift in Sources */ = {isa = PBXBuildFile; fileRef = 77F13A43290AA4E000F7354A /* IntroViewController.swift */; };
		77F13A49290AA4E100F7354A /* Assets.xcassets in Resources */ = {isa = PBXBuildFile; fileRef = 77F13A48290AA4E100F7354A /* Assets.xcassets */; };
		77F13A4C290AA4E100F7354A /* LaunchScreen.storyboard in Resources */ = {isa = PBXBuildFile; fileRef = 77F13A4A290AA4E100F7354A /* LaunchScreen.storyboard */; };
		77F13A55290AA5AF00F7354A /* Moya in Frameworks */ = {isa = PBXBuildFile; productRef = 77F13A54290AA5AF00F7354A /* Moya */; };
		77F13A58290AA5BD00F7354A /* SnapKit in Frameworks */ = {isa = PBXBuildFile; productRef = 77F13A57290AA5BD00F7354A /* SnapKit */; };
		77F13A5B290AA5C900F7354A /* Then in Frameworks */ = {isa = PBXBuildFile; productRef = 77F13A5A290AA5C900F7354A /* Then */; };
		77F13A5E290AA5DB00F7354A /* RxCocoa in Frameworks */ = {isa = PBXBuildFile; productRef = 77F13A5D290AA5DB00F7354A /* RxCocoa */; };
		77F13A60290AA5DB00F7354A /* RxSwift in Frameworks */ = {isa = PBXBuildFile; productRef = 77F13A5F290AA5DB00F7354A /* RxSwift */; };
		77F13A6B290AA76D00F7354A /* IntroViewModel.swift in Sources */ = {isa = PBXBuildFile; fileRef = 77F13A6A290AA76D00F7354A /* IntroViewModel.swift */; };
		77F13A6E290AA79700F7354A /* BaseViewController.swift in Sources */ = {isa = PBXBuildFile; fileRef = 77F13A6D290AA79700F7354A /* BaseViewController.swift */; };
		77F13A78290B566800F7354A /* BaseViewModel.swift in Sources */ = {isa = PBXBuildFile; fileRef = 77F13A77290B566800F7354A /* BaseViewModel.swift */; };
		77F13A7A290B64CB00F7354A /* SignInViewController.swift in Sources */ = {isa = PBXBuildFile; fileRef = 77F13A79290B64CB00F7354A /* SignInViewController.swift */; };
		77F13A7E290B64F000F7354A /* SignInViewModel.swift in Sources */ = {isa = PBXBuildFile; fileRef = 77F13A7D290B64F000F7354A /* SignInViewModel.swift */; };
		77F13A83290B657C00F7354A /* CreatePwViewModel.swift in Sources */ = {isa = PBXBuildFile; fileRef = 77F13A82290B657C00F7354A /* CreatePwViewModel.swift */; };
		77F13A85290B658800F7354A /* CreatePwViewController.swift in Sources */ = {isa = PBXBuildFile; fileRef = 77F13A84290B658800F7354A /* CreatePwViewController.swift */; };
		77F1F18A2986ACA000ED498E /* RxFlow in Frameworks */ = {isa = PBXBuildFile; productRef = 77F1F1892986ACA000ED498E /* RxFlow */; };
		77F1F1902986E3C000ED498E /* AppFlow.swift in Sources */ = {isa = PBXBuildFile; fileRef = 77F1F18F2986E3C000ED498E /* AppFlow.swift */; };
		77F1F1942987CABF00ED498E /* DailyStep.swift in Sources */ = {isa = PBXBuildFile; fileRef = 77F1F1932987CABF00ED498E /* DailyStep.swift */; };
/* End PBXBuildFile section */

/* Begin PBXFileReference section */
		770D6BF529B566120085A250 /* CreateEmailViewModel.swift */ = {isa = PBXFileReference; lastKnownFileType = sourcecode.swift; path = CreateEmailViewModel.swift; sourceTree = "<group>"; };
		770D6BF729B566470085A250 /* CreateEmailViewController.swift */ = {isa = PBXFileReference; lastKnownFileType = sourcecode.swift; path = CreateEmailViewController.swift; sourceTree = "<group>"; };
		770D6BFC29B5B3A50085A250 /* CertificationNumberViewModel.swift */ = {isa = PBXFileReference; lastKnownFileType = sourcecode.swift; path = CertificationNumberViewModel.swift; sourceTree = "<group>"; };
		770D6C0229B5B3DC0085A250 /* CertificationNumberViewController.swift */ = {isa = PBXFileReference; lastKnownFileType = sourcecode.swift; path = CertificationNumberViewController.swift; sourceTree = "<group>"; };
		770D6C0729B5D2310085A250 /* CreateNicknameViewModel.swift */ = {isa = PBXFileReference; lastKnownFileType = sourcecode.swift; path = CreateNicknameViewModel.swift; sourceTree = "<group>"; };
		770D6C0929B5D23D0085A250 /* CreateNicknameViewController.swift */ = {isa = PBXFileReference; lastKnownFileType = sourcecode.swift; path = CreateNicknameViewController.swift; sourceTree = "<group>"; };
		770D6C2029B87D730085A250 /* TextField.swift */ = {isa = PBXFileReference; lastKnownFileType = sourcecode.swift; path = TextField.swift; sourceTree = "<group>"; };
		770D6C2A29B9A9AC0085A250 /* ThemeViewController.swift */ = {isa = PBXFileReference; lastKnownFileType = sourcecode.swift; path = ThemeViewController.swift; sourceTree = "<group>"; };
		770D6C2C29B9A9B70085A250 /* ThemeViewModel.swift */ = {isa = PBXFileReference; lastKnownFileType = sourcecode.swift; path = ThemeViewModel.swift; sourceTree = "<group>"; };
		770D6C2E29B9A9DC0085A250 /* ProfileViewModel.swift */ = {isa = PBXFileReference; lastKnownFileType = sourcecode.swift; path = ProfileViewModel.swift; sourceTree = "<group>"; };
		770D6C3029B9A9E60085A250 /* ProfileViewController.swift */ = {isa = PBXFileReference; lastKnownFileType = sourcecode.swift; path = ProfileViewController.swift; sourceTree = "<group>"; };
		770D6C3329B9D8300085A250 /* DailyLabel.swift */ = {isa = PBXFileReference; lastKnownFileType = sourcecode.swift; path = DailyLabel.swift; sourceTree = "<group>"; };
		770D6C3B29C15D230085A250 /* TabBarFlow.swift */ = {isa = PBXFileReference; lastKnownFileType = sourcecode.swift; path = TabBarFlow.swift; sourceTree = "<group>"; };
		770D6C3D29C15D380085A250 /* ProfileFlow.swift */ = {isa = PBXFileReference; lastKnownFileType = sourcecode.swift; path = ProfileFlow.swift; sourceTree = "<group>"; };
		770D6C3F29C15D460085A250 /* ThemeFlow.swift */ = {isa = PBXFileReference; lastKnownFileType = sourcecode.swift; path = ThemeFlow.swift; sourceTree = "<group>"; };
		770D6C4729CAF7640085A250 /* ProfileCollectionCell.swift */ = {isa = PBXFileReference; lastKnownFileType = sourcecode.swift; path = ProfileCollectionCell.swift; sourceTree = "<group>"; };
		770D6C4D29CC3E8E0085A250 /* SelectThemeCell.swift */ = {isa = PBXFileReference; lastKnownFileType = sourcecode.swift; path = SelectThemeCell.swift; sourceTree = "<group>"; };
		770D6C4F29CD32FD0085A250 /* SeletThemeViewController.swift */ = {isa = PBXFileReference; lastKnownFileType = sourcecode.swift; path = SeletThemeViewController.swift; sourceTree = "<group>"; };
		770D6C5129CD33280085A250 /* SelectThemeViewModel.swift */ = {isa = PBXFileReference; lastKnownFileType = sourcecode.swift; path = SelectThemeViewModel.swift; sourceTree = "<group>"; };
		7759603829D2858700C1C8B4 /* SplashViewController.swift */ = {isa = PBXFileReference; lastKnownFileType = sourcecode.swift; path = SplashViewController.swift; sourceTree = "<group>"; };
		776FF43D2A31D44D007620D6 /* BaseURL.swift */ = {isa = PBXFileReference; lastKnownFileType = sourcecode.swift; path = BaseURL.swift; sourceTree = "<group>"; };
		776FF4432A31D4F1007620D6 /* LoginModel.swift */ = {isa = PBXFileReference; lastKnownFileType = sourcecode.swift; path = LoginModel.swift; sourceTree = "<group>"; };
		776FF4462A31D589007620D6 /* LoginRequest.swift */ = {isa = PBXFileReference; lastKnownFileType = sourcecode.swift; path = LoginRequest.swift; sourceTree = "<group>"; };
		776FF4492A32BF58007620D6 /* AuthServices.swift */ = {isa = PBXFileReference; lastKnownFileType = sourcecode.swift; path = AuthServices.swift; sourceTree = "<group>"; };
		776FF44B2A32C04C007620D6 /* DailyToken.swift */ = {isa = PBXFileReference; lastKnownFileType = sourcecode.swift; path = DailyToken.swift; sourceTree = "<group>"; };
		776FF44F2A32F2C4007620D6 /* WriteRequest.swift */ = {isa = PBXFileReference; lastKnownFileType = sourcecode.swift; path = WriteRequest.swift; sourceTree = "<group>"; };
		776FF4522A32F335007620D6 /* DiaryServices.swift */ = {isa = PBXFileReference; lastKnownFileType = sourcecode.swift; path = DiaryServices.swift; sourceTree = "<group>"; };
		776FF4552A371C1E007620D6 /* GetDiaryListModel.swift */ = {isa = PBXFileReference; lastKnownFileType = sourcecode.swift; path = GetDiaryListModel.swift; sourceTree = "<group>"; };
		776FF4592A371C82007620D6 /* ProfileServices.swift */ = {isa = PBXFileReference; lastKnownFileType = sourcecode.swift; path = ProfileServices.swift; sourceTree = "<group>"; };
		776FF45C2A3809A1007620D6 /* DiaryDetailModel.swift */ = {isa = PBXFileReference; lastKnownFileType = sourcecode.swift; path = DiaryDetailModel.swift; sourceTree = "<group>"; };
		779265172A3868DA00A19CFE /* EditDiaryRequest.swift */ = {isa = PBXFileReference; lastKnownFileType = sourcecode.swift; path = EditDiaryRequest.swift; sourceTree = "<group>"; };
		7792651C2A386DE200A19CFE /* DiaryCountModel.swift */ = {isa = PBXFileReference; lastKnownFileType = sourcecode.swift; path = DiaryCountModel.swift; sourceTree = "<group>"; };
		779265222A387E2E00A19CFE /* AccountServices.swift */ = {isa = PBXFileReference; lastKnownFileType = sourcecode.swift; path = AccountServices.swift; sourceTree = "<group>"; };
		77C22EC0298916AF004CC9EC /* LoginFlow.swift */ = {isa = PBXFileReference; lastKnownFileType = sourcecode.swift; path = LoginFlow.swift; sourceTree = "<group>"; };
		77CB722B2994E46900FB2336 /* MainFlow.swift */ = {isa = PBXFileReference; lastKnownFileType = sourcecode.swift; path = MainFlow.swift; sourceTree = "<group>"; };
		77EE65D329DC055A001423E4 /* CheckEmailViewController.swift */ = {isa = PBXFileReference; lastKnownFileType = sourcecode.swift; path = CheckEmailViewController.swift; sourceTree = "<group>"; };
		77EE65D529DC0564001423E4 /* CheckEmailViewModel.swift */ = {isa = PBXFileReference; lastKnownFileType = sourcecode.swift; path = CheckEmailViewModel.swift; sourceTree = "<group>"; };
		77EE65D729DC0588001423E4 /* AuthKeyViewController.swift */ = {isa = PBXFileReference; lastKnownFileType = sourcecode.swift; path = AuthKeyViewController.swift; sourceTree = "<group>"; };
		77EE65D929DC05B8001423E4 /* AuthKeyViewModel.swift */ = {isa = PBXFileReference; lastKnownFileType = sourcecode.swift; path = AuthKeyViewModel.swift; sourceTree = "<group>"; };
		77EE65DB29DC05C6001423E4 /* ChangePasswordViewController.swift */ = {isa = PBXFileReference; lastKnownFileType = sourcecode.swift; path = ChangePasswordViewController.swift; sourceTree = "<group>"; };
		77EE65DD29DC05D1001423E4 /* ChangePasswordViewModel.swift */ = {isa = PBXFileReference; lastKnownFileType = sourcecode.swift; path = ChangePasswordViewModel.swift; sourceTree = "<group>"; };
		77EE662429DE4477001423E4 /* DailyTextField.swift */ = {isa = PBXFileReference; lastKnownFileType = sourcecode.swift; path = DailyTextField.swift; sourceTree = "<group>"; };
		77F07258291DDBD8007FE1DD /* HomeViewController.swift */ = {isa = PBXFileReference; lastKnownFileType = sourcecode.swift; path = HomeViewController.swift; sourceTree = "<group>"; };
		77F0725A291DDBE2007FE1DD /* HomeViewModel.swift */ = {isa = PBXFileReference; lastKnownFileType = sourcecode.swift; path = HomeViewModel.swift; sourceTree = "<group>"; };
		77F0725E29209BDF007FE1DD /* DailyShadow.swift */ = {isa = PBXFileReference; lastKnownFileType = sourcecode.swift; path = DailyShadow.swift; sourceTree = "<group>"; };
		77F0726029209BF1007FE1DD /* DailyColor.swift */ = {isa = PBXFileReference; lastKnownFileType = sourcecode.swift; path = DailyColor.swift; sourceTree = "<group>"; };
		77F0726429223303007FE1DD /* DailyTabBar.swift */ = {isa = PBXFileReference; lastKnownFileType = sourcecode.swift; path = DailyTabBar.swift; sourceTree = "<group>"; };
		77F0727529271028007FE1DD /* DailyViewController.swift */ = {isa = PBXFileReference; lastKnownFileType = sourcecode.swift; path = DailyViewController.swift; sourceTree = "<group>"; };
		77F0727729271064007FE1DD /* DailyViewModel.swift */ = {isa = PBXFileReference; lastKnownFileType = sourcecode.swift; path = DailyViewModel.swift; sourceTree = "<group>"; };
		77F0727929271195007FE1DD /* DailyNavigation.swift */ = {isa = PBXFileReference; lastKnownFileType = sourcecode.swift; path = DailyNavigation.swift; sourceTree = "<group>"; };
		77F0727B29288798007FE1DD /* DailyCalender.swift */ = {isa = PBXFileReference; lastKnownFileType = sourcecode.swift; path = DailyCalender.swift; sourceTree = "<group>"; };
		77F0737D29E7C20E00EE1FC9 /* CarouselView.swift */ = {isa = PBXFileReference; lastKnownFileType = sourcecode.swift; path = CarouselView.swift; sourceTree = "<group>"; };
		77F0738029E7DFD200EE1FC9 /* DailyButton.swift */ = {isa = PBXFileReference; lastKnownFileType = sourcecode.swift; path = DailyButton.swift; sourceTree = "<group>"; };
		77F0738229E8181F00EE1FC9 /* Button.swift */ = {isa = PBXFileReference; lastKnownFileType = sourcecode.swift; path = Button.swift; sourceTree = "<group>"; };
		77F13A3C290AA4E000F7354A /* daily.app */ = {isa = PBXFileReference; explicitFileType = wrapper.application; includeInIndex = 0; path = daily.app; sourceTree = BUILT_PRODUCTS_DIR; };
		77F13A3F290AA4E000F7354A /* AppDelegate.swift */ = {isa = PBXFileReference; lastKnownFileType = sourcecode.swift; path = AppDelegate.swift; sourceTree = "<group>"; };
		77F13A41290AA4E000F7354A /* SceneDelegate.swift */ = {isa = PBXFileReference; lastKnownFileType = sourcecode.swift; path = SceneDelegate.swift; sourceTree = "<group>"; };
		77F13A43290AA4E000F7354A /* IntroViewController.swift */ = {isa = PBXFileReference; lastKnownFileType = sourcecode.swift; path = IntroViewController.swift; sourceTree = "<group>"; };
		77F13A48290AA4E100F7354A /* Assets.xcassets */ = {isa = PBXFileReference; lastKnownFileType = folder.assetcatalog; path = Assets.xcassets; sourceTree = "<group>"; };
		77F13A4B290AA4E100F7354A /* Base */ = {isa = PBXFileReference; lastKnownFileType = file.storyboard; name = Base; path = Base.lproj/LaunchScreen.storyboard; sourceTree = "<group>"; };
		77F13A4D290AA4E100F7354A /* Info.plist */ = {isa = PBXFileReference; lastKnownFileType = text.plist.xml; path = Info.plist; sourceTree = "<group>"; };
		77F13A6A290AA76D00F7354A /* IntroViewModel.swift */ = {isa = PBXFileReference; lastKnownFileType = sourcecode.swift; path = IntroViewModel.swift; sourceTree = "<group>"; };
		77F13A6D290AA79700F7354A /* BaseViewController.swift */ = {isa = PBXFileReference; lastKnownFileType = sourcecode.swift; path = BaseViewController.swift; sourceTree = "<group>"; };
		77F13A77290B566800F7354A /* BaseViewModel.swift */ = {isa = PBXFileReference; lastKnownFileType = sourcecode.swift; path = BaseViewModel.swift; sourceTree = "<group>"; };
		77F13A79290B64CB00F7354A /* SignInViewController.swift */ = {isa = PBXFileReference; lastKnownFileType = sourcecode.swift; path = SignInViewController.swift; sourceTree = "<group>"; };
		77F13A7D290B64F000F7354A /* SignInViewModel.swift */ = {isa = PBXFileReference; lastKnownFileType = sourcecode.swift; path = SignInViewModel.swift; sourceTree = "<group>"; };
		77F13A82290B657C00F7354A /* CreatePwViewModel.swift */ = {isa = PBXFileReference; lastKnownFileType = sourcecode.swift; path = CreatePwViewModel.swift; sourceTree = "<group>"; };
		77F13A84290B658800F7354A /* CreatePwViewController.swift */ = {isa = PBXFileReference; lastKnownFileType = sourcecode.swift; path = CreatePwViewController.swift; sourceTree = "<group>"; };
		77F1F18F2986E3C000ED498E /* AppFlow.swift */ = {isa = PBXFileReference; lastKnownFileType = sourcecode.swift; path = AppFlow.swift; sourceTree = "<group>"; };
		77F1F1932987CABF00ED498E /* DailyStep.swift */ = {isa = PBXFileReference; lastKnownFileType = sourcecode.swift; path = DailyStep.swift; sourceTree = "<group>"; };
/* End PBXFileReference section */

/* Begin PBXFrameworksBuildPhase section */
		77F13A39290AA4E000F7354A /* Frameworks */ = {
			isa = PBXFrameworksBuildPhase;
			buildActionMask = 2147483647;
			files = (
				77F13A55290AA5AF00F7354A /* Moya in Frameworks */,
				77F1F18A2986ACA000ED498E /* RxFlow in Frameworks */,
				77F072682922547F007FE1DD /* FSCalendar in Frameworks */,
				770D6C1929B733F50085A250 /* DPOTPView in Frameworks */,
				77F13A5B290AA5C900F7354A /* Then in Frameworks */,
				770D6C4529C982050085A250 /* ViewAnimator in Frameworks */,
				77F13A60290AA5DB00F7354A /* RxSwift in Frameworks */,
				77F13A5E290AA5DB00F7354A /* RxCocoa in Frameworks */,
				77F13A58290AA5BD00F7354A /* SnapKit in Frameworks */,
			);
			runOnlyForDeploymentPostprocessing = 0;
		};
/* End PBXFrameworksBuildPhase section */

/* Begin PBXGroup section */
		770D6BF029B563B20085A250 /* CreatePw */ = {
			isa = PBXGroup;
			children = (
				77F13A81290B656F00F7354A /* VM */,
				77F13A80290B656A00F7354A /* VC */,
			);
			path = CreatePw;
			sourceTree = "<group>";
		};
		770D6BF229B565DF0085A250 /* CreateEmail */ = {
			isa = PBXGroup;
			children = (
				770D6BF429B565EC0085A250 /* VM */,
				770D6BF329B565E70085A250 /* VC */,
			);
			path = CreateEmail;
			sourceTree = "<group>";
		};
		770D6BF329B565E70085A250 /* VC */ = {
			isa = PBXGroup;
			children = (
				770D6BF729B566470085A250 /* CreateEmailViewController.swift */,
			);
			path = VC;
			sourceTree = "<group>";
		};
		770D6BF429B565EC0085A250 /* VM */ = {
			isa = PBXGroup;
			children = (
				770D6BF529B566120085A250 /* CreateEmailViewModel.swift */,
			);
			path = VM;
			sourceTree = "<group>";
		};
		770D6BFE29B5B3AC0085A250 /* CertificationNumber */ = {
			isa = PBXGroup;
			children = (
				770D6BFF29B5B3BD0085A250 /* VM */,
				770D6C0029B5B3C10085A250 /* VC */,
			);
			path = CertificationNumber;
			sourceTree = "<group>";
		};
		770D6BFF29B5B3BD0085A250 /* VM */ = {
			isa = PBXGroup;
			children = (
				770D6BFC29B5B3A50085A250 /* CertificationNumberViewModel.swift */,
			);
			path = VM;
			sourceTree = "<group>";
		};
		770D6C0029B5B3C10085A250 /* VC */ = {
			isa = PBXGroup;
			children = (
				770D6C0229B5B3DC0085A250 /* CertificationNumberViewController.swift */,
			);
			path = VC;
			sourceTree = "<group>";
		};
		770D6C0429B5D1D10085A250 /* CreateNickname */ = {
			isa = PBXGroup;
			children = (
				770D6C0529B5D2190085A250 /* VM */,
				770D6C0629B5D21E0085A250 /* VC */,
			);
			path = CreateNickname;
			sourceTree = "<group>";
		};
		770D6C0529B5D2190085A250 /* VM */ = {
			isa = PBXGroup;
			children = (
				770D6C0729B5D2310085A250 /* CreateNicknameViewModel.swift */,
			);
			path = VM;
			sourceTree = "<group>";
		};
		770D6C0629B5D21E0085A250 /* VC */ = {
			isa = PBXGroup;
			children = (
				770D6C0929B5D23D0085A250 /* CreateNicknameViewController.swift */,
			);
			path = VC;
			sourceTree = "<group>";
		};
		770D6C1A29B850910085A250 /* Data */ = {
			isa = PBXGroup;
			children = (
				776FF43C2A31D43E007620D6 /* General */,
				776FF43F2A31D4B4007620D6 /* Model */,
				776FF4402A31D4BC007620D6 /* Request */,
				776FF4412A31D4C6007620D6 /* Services */,
			);
			path = Data;
			sourceTree = "<group>";
		};
		770D6C2229B9A8030085A250 /* Auth */ = {
			isa = PBXGroup;
			children = (
				77EE65C229DC043E001423E4 /* ForgotPassword */,
				77F13A75290B543F00F7354A /* SignIn */,
				77F13A67290AA75700F7354A /* Intro */,
				77F13A7F290B656500F7354A /* SignUp */,
			);
			path = Auth;
			sourceTree = "<group>";
		};
		770D6C2429B9A8380085A250 /* Profile */ = {
			isa = PBXGroup;
			children = (
				770D6C4629CAF73B0085A250 /* Cell */,
				770D6C2829B9A8640085A250 /* VM */,
				770D6C2929B9A8680085A250 /* VC */,
			);
			path = Profile;
			sourceTree = "<group>";
		};
		770D6C2529B9A8430085A250 /* Theme */ = {
			isa = PBXGroup;
			children = (
				770D6C2729B9A8610085A250 /* VM */,
				770D6C2629B9A85D0085A250 /* VC */,
			);
			path = Theme;
			sourceTree = "<group>";
		};
		770D6C2629B9A85D0085A250 /* VC */ = {
			isa = PBXGroup;
			children = (
				770D6C2A29B9A9AC0085A250 /* ThemeViewController.swift */,
			);
			path = VC;
			sourceTree = "<group>";
		};
		770D6C2729B9A8610085A250 /* VM */ = {
			isa = PBXGroup;
			children = (
				770D6C2C29B9A9B70085A250 /* ThemeViewModel.swift */,
			);
			path = VM;
			sourceTree = "<group>";
		};
		770D6C2829B9A8640085A250 /* VM */ = {
			isa = PBXGroup;
			children = (
				770D6C2E29B9A9DC0085A250 /* ProfileViewModel.swift */,
			);
			path = VM;
			sourceTree = "<group>";
		};
		770D6C2929B9A8680085A250 /* VC */ = {
			isa = PBXGroup;
			children = (
				770D6C3029B9A9E60085A250 /* ProfileViewController.swift */,
			);
			path = VC;
			sourceTree = "<group>";
		};
		770D6C3229B9CCE00085A250 /* TabBar */ = {
			isa = PBXGroup;
			children = (
				77F0726429223303007FE1DD /* DailyTabBar.swift */,
			);
			path = TabBar;
			sourceTree = "<group>";
		};
		770D6C3929C15CCC0085A250 /* TabBar */ = {
			isa = PBXGroup;
			children = (
				770D6C3B29C15D230085A250 /* TabBarFlow.swift */,
			);
			path = TabBar;
			sourceTree = "<group>";
		};
		770D6C3A29C15CE00085A250 /* Items */ = {
			isa = PBXGroup;
			children = (
				77CB722B2994E46900FB2336 /* MainFlow.swift */,
				770D6C3D29C15D380085A250 /* ProfileFlow.swift */,
				770D6C3F29C15D460085A250 /* ThemeFlow.swift */,
			);
			path = Items;
			sourceTree = "<group>";
		};
		770D6C4129C15D590085A250 /* Main */ = {
			isa = PBXGroup;
			children = (
				770D6C3929C15CCC0085A250 /* TabBar */,
				770D6C3A29C15CE00085A250 /* Items */,
			);
			path = Main;
			sourceTree = "<group>";
		};
		770D6C4229C7FC280085A250 /* Main */ = {
			isa = PBXGroup;
			children = (
				770D6C3229B9CCE00085A250 /* TabBar */,
				770D6C2529B9A8430085A250 /* Theme */,
				770D6C2429B9A8380085A250 /* Profile */,
				77F0727229270FFD007FE1DD /* Daily */,
				77F07255291DDB6F007FE1DD /* Home */,
			);
			path = Main;
			sourceTree = "<group>";
		};
		770D6C4629CAF73B0085A250 /* Cell */ = {
			isa = PBXGroup;
			children = (
				770D6C4729CAF7640085A250 /* ProfileCollectionCell.swift */,
			);
			path = Cell;
			sourceTree = "<group>";
		};
		770D6C4929CC3E120085A250 /* SelectTheme */ = {
			isa = PBXGroup;
			children = (
				770D6C4C29CC3E6F0085A250 /* Cell */,
				770D6C4B29CC3E5A0085A250 /* VC */,
				770D6C4A29CC3E550085A250 /* VM */,
			);
			path = SelectTheme;
			sourceTree = "<group>";
		};
		770D6C4A29CC3E550085A250 /* VM */ = {
			isa = PBXGroup;
			children = (
				770D6C5129CD33280085A250 /* SelectThemeViewModel.swift */,
			);
			path = VM;
			sourceTree = "<group>";
		};
		770D6C4B29CC3E5A0085A250 /* VC */ = {
			isa = PBXGroup;
			children = (
				770D6C4F29CD32FD0085A250 /* SeletThemeViewController.swift */,
				77F0737D29E7C20E00EE1FC9 /* CarouselView.swift */,
			);
			path = VC;
			sourceTree = "<group>";
		};
		770D6C4C29CC3E6F0085A250 /* Cell */ = {
			isa = PBXGroup;
			children = (
				770D6C4D29CC3E8E0085A250 /* SelectThemeCell.swift */,
			);
			path = Cell;
			sourceTree = "<group>";
		};
		7759603729D27E6300C1C8B4 /* Splash */ = {
			isa = PBXGroup;
			children = (
				7759603829D2858700C1C8B4 /* SplashViewController.swift */,
			);
			path = Splash;
			sourceTree = "<group>";
		};
		776FF43C2A31D43E007620D6 /* General */ = {
			isa = PBXGroup;
			children = (
				776FF43D2A31D44D007620D6 /* BaseURL.swift */,
			);
			path = General;
			sourceTree = "<group>";
		};
		776FF43F2A31D4B4007620D6 /* Model */ = {
			isa = PBXGroup;
			children = (
				7792651B2A386DB000A19CFE /* Account */,
				776FF45B2A380994007620D6 /* Diary */,
				776FF4542A371BF3007620D6 /* Profile */,
				776FF4422A31D4DB007620D6 /* Auth */,
			);
			path = Model;
			sourceTree = "<group>";
		};
		776FF4402A31D4BC007620D6 /* Request */ = {
			isa = PBXGroup;
			children = (
				7792651E2A386E0D00A19CFE /* Account */,
				776FF44D2A32F28E007620D6 /* Diary */,
				776FF4452A31D56D007620D6 /* Auth */,
			);
			path = Request;
			sourceTree = "<group>";
		};
		776FF4412A31D4C6007620D6 /* Services */ = {
			isa = PBXGroup;
			children = (
				779265212A387E1F00A19CFE /* Account */,
				776FF4582A371C69007620D6 /* Profile */,
				776FF4512A32F323007620D6 /* Diary */,
				776FF4482A32BF4A007620D6 /* Auth */,
			);
			path = Services;
			sourceTree = "<group>";
		};
		776FF4422A31D4DB007620D6 /* Auth */ = {
			isa = PBXGroup;
			children = (
				776FF4432A31D4F1007620D6 /* LoginModel.swift */,
			);
			path = Auth;
			sourceTree = "<group>";
		};
		776FF4452A31D56D007620D6 /* Auth */ = {
			isa = PBXGroup;
			children = (
				776FF4462A31D589007620D6 /* LoginRequest.swift */,
			);
			path = Auth;
			sourceTree = "<group>";
		};
		776FF4482A32BF4A007620D6 /* Auth */ = {
			isa = PBXGroup;
			children = (
				776FF4492A32BF58007620D6 /* AuthServices.swift */,
			);
			path = Auth;
			sourceTree = "<group>";
		};
		776FF44D2A32F28E007620D6 /* Diary */ = {
			isa = PBXGroup;
			children = (
				776FF44F2A32F2C4007620D6 /* WriteRequest.swift */,
				779265172A3868DA00A19CFE /* EditDiaryRequest.swift */,
			);
			path = Diary;
			sourceTree = "<group>";
		};
		776FF4512A32F323007620D6 /* Diary */ = {
			isa = PBXGroup;
			children = (
				776FF4522A32F335007620D6 /* DiaryServices.swift */,
			);
			path = Diary;
			sourceTree = "<group>";
		};
		776FF4542A371BF3007620D6 /* Profile */ = {
			isa = PBXGroup;
			children = (
				776FF4552A371C1E007620D6 /* GetDiaryListModel.swift */,
			);
			path = Profile;
			sourceTree = "<group>";
		};
		776FF4582A371C69007620D6 /* Profile */ = {
			isa = PBXGroup;
			children = (
				776FF4592A371C82007620D6 /* ProfileServices.swift */,
			);
			path = Profile;
			sourceTree = "<group>";
		};
		776FF45B2A380994007620D6 /* Diary */ = {
			isa = PBXGroup;
			children = (
				776FF45C2A3809A1007620D6 /* DiaryDetailModel.swift */,
			);
			path = Diary;
			sourceTree = "<group>";
		};
		7792651B2A386DB000A19CFE /* Account */ = {
			isa = PBXGroup;
			children = (
				7792651C2A386DE200A19CFE /* DiaryCountModel.swift */,
			);
			path = Account;
			sourceTree = "<group>";
		};
		7792651E2A386E0D00A19CFE /* Account */ = {
			isa = PBXGroup;
			children = (
			);
			path = Account;
			sourceTree = "<group>";
		};
		779265212A387E1F00A19CFE /* Account */ = {
			isa = PBXGroup;
			children = (
				779265222A387E2E00A19CFE /* AccountServices.swift */,
			);
			path = Account;
			sourceTree = "<group>";
		};
		77EE65C229DC043E001423E4 /* ForgotPassword */ = {
			isa = PBXGroup;
			children = (
				77EE65CA29DC04AA001423E4 /* CheckEmail */,
				77EE65C929DC049E001423E4 /* AuthKey */,
				77EE65CB29DC04D9001423E4 /* ChangePassword */,
			);
			path = ForgotPassword;
			sourceTree = "<group>";
		};
		77EE65C929DC049E001423E4 /* AuthKey */ = {
			isa = PBXGroup;
			children = (
				77EE65CF29DC0518001423E4 /* VC */,
				77EE65CE29DC0511001423E4 /* VM */,
			);
			path = AuthKey;
			sourceTree = "<group>";
		};
		77EE65CA29DC04AA001423E4 /* CheckEmail */ = {
			isa = PBXGroup;
			children = (
				77EE65CC29DC04F6001423E4 /* VC */,
				77EE65CD29DC04FB001423E4 /* VM */,
			);
			path = CheckEmail;
			sourceTree = "<group>";
		};
		77EE65CB29DC04D9001423E4 /* ChangePassword */ = {
			isa = PBXGroup;
			children = (
				77EE65D029DC052A001423E4 /* VC */,
				77EE65D229DC0534001423E4 /* VM */,
			);
			path = ChangePassword;
			sourceTree = "<group>";
		};
		77EE65CC29DC04F6001423E4 /* VC */ = {
			isa = PBXGroup;
			children = (
				77EE65D329DC055A001423E4 /* CheckEmailViewController.swift */,
			);
			path = VC;
			sourceTree = "<group>";
		};
		77EE65CD29DC04FB001423E4 /* VM */ = {
			isa = PBXGroup;
			children = (
				77EE65D529DC0564001423E4 /* CheckEmailViewModel.swift */,
			);
			path = VM;
			sourceTree = "<group>";
		};
		77EE65CE29DC0511001423E4 /* VM */ = {
			isa = PBXGroup;
			children = (
				77EE65D929DC05B8001423E4 /* AuthKeyViewModel.swift */,
			);
			path = VM;
			sourceTree = "<group>";
		};
		77EE65CF29DC0518001423E4 /* VC */ = {
			isa = PBXGroup;
			children = (
				77EE65D729DC0588001423E4 /* AuthKeyViewController.swift */,
			);
			path = VC;
			sourceTree = "<group>";
		};
		77EE65D029DC052A001423E4 /* VC */ = {
			isa = PBXGroup;
			children = (
				77EE65DB29DC05C6001423E4 /* ChangePasswordViewController.swift */,
			);
			path = VC;
			sourceTree = "<group>";
		};
		77EE65D229DC0534001423E4 /* VM */ = {
			isa = PBXGroup;
			children = (
				77EE65DD29DC05D1001423E4 /* ChangePasswordViewModel.swift */,
			);
			path = VM;
			sourceTree = "<group>";
		};
		77EE661F29DE441D001423E4 /* DesignSystem */ = {
			isa = PBXGroup;
			children = (
				77F0737F29E7DFC600EE1FC9 /* Button */,
				77EE662129DE4455001423E4 /* TextField */,
			);
			path = DesignSystem;
			sourceTree = "<group>";
		};
		77EE662129DE4455001423E4 /* TextField */ = {
			isa = PBXGroup;
			children = (
				77EE662429DE4477001423E4 /* DailyTextField.swift */,
			);
			path = TextField;
			sourceTree = "<group>";
		};
		77F07255291DDB6F007FE1DD /* Home */ = {
			isa = PBXGroup;
			children = (
				77F07257291DDB88007FE1DD /* VC */,
				77F07256291DDB81007FE1DD /* VM */,
			);
			path = Home;
			sourceTree = "<group>";
		};
		77F07256291DDB81007FE1DD /* VM */ = {
			isa = PBXGroup;
			children = (
				77F0725A291DDBE2007FE1DD /* HomeViewModel.swift */,
			);
			path = VM;
			sourceTree = "<group>";
		};
		77F07257291DDB88007FE1DD /* VC */ = {
			isa = PBXGroup;
			children = (
				77F07258291DDBD8007FE1DD /* HomeViewController.swift */,
			);
			path = VC;
			sourceTree = "<group>";
		};
		77F0725C29209BB7007FE1DD /* Resources */ = {
			isa = PBXGroup;
			children = (
				77F13A48290AA4E100F7354A /* Assets.xcassets */,
				77F13A4A290AA4E100F7354A /* LaunchScreen.storyboard */,
				77F0725D29209BBF007FE1DD /* Extension */,
			);
			path = Resources;
			sourceTree = "<group>";
		};
		77F0725D29209BBF007FE1DD /* Extension */ = {
			isa = PBXGroup;
			children = (
				77F0725E29209BDF007FE1DD /* DailyShadow.swift */,
				77F0726029209BF1007FE1DD /* DailyColor.swift */,
				77F0727929271195007FE1DD /* DailyNavigation.swift */,
				77F0727B29288798007FE1DD /* DailyCalender.swift */,
				770D6C2029B87D730085A250 /* TextField.swift */,
				770D6C3329B9D8300085A250 /* DailyLabel.swift */,
				77F0738229E8181F00EE1FC9 /* Button.swift */,
				776FF44B2A32C04C007620D6 /* DailyToken.swift */,
			);
			path = Extension;
			sourceTree = "<group>";
		};
		77F0727229270FFD007FE1DD /* Daily */ = {
			isa = PBXGroup;
			children = (
				77F072742927100B007FE1DD /* VM */,
				77F0727329271007007FE1DD /* VC */,
			);
			path = Daily;
			sourceTree = "<group>";
		};
		77F0727329271007007FE1DD /* VC */ = {
			isa = PBXGroup;
			children = (
				77F0727529271028007FE1DD /* DailyViewController.swift */,
			);
			path = VC;
			sourceTree = "<group>";
		};
		77F072742927100B007FE1DD /* VM */ = {
			isa = PBXGroup;
			children = (
				77F0727729271064007FE1DD /* DailyViewModel.swift */,
			);
			path = VM;
			sourceTree = "<group>";
		};
		77F0737F29E7DFC600EE1FC9 /* Button */ = {
			isa = PBXGroup;
			children = (
				77F0738029E7DFD200EE1FC9 /* DailyButton.swift */,
			);
			path = Button;
			sourceTree = "<group>";
		};
		77F13A33290AA4E000F7354A = {
			isa = PBXGroup;
			children = (
				77F13A3E290AA4E000F7354A /* daily */,
				77F13A3D290AA4E000F7354A /* Products */,
			);
			sourceTree = "<group>";
		};
		77F13A3D290AA4E000F7354A /* Products */ = {
			isa = PBXGroup;
			children = (
				77F13A3C290AA4E000F7354A /* daily.app */,
			);
			name = Products;
			sourceTree = "<group>";
		};
		77F13A3E290AA4E000F7354A /* daily */ = {
			isa = PBXGroup;
			children = (
				77F13A4D290AA4E100F7354A /* Info.plist */,
				77F1F1952987CB8C00ED498E /* Sources */,
				77F0725C29209BB7007FE1DD /* Resources */,
				77EE661F29DE441D001423E4 /* DesignSystem */,
			);
			path = daily;
			sourceTree = "<group>";
		};
		77F13A65290AA74A00F7354A /* Presentation */ = {
			isa = PBXGroup;
			children = (
				7759603729D27E6300C1C8B4 /* Splash */,
				770D6C4229C7FC280085A250 /* Main */,
				770D6C2229B9A8030085A250 /* Auth */,
				77F13A6C290AA78500F7354A /* Base */,
			);
			path = Presentation;
			sourceTree = "<group>";
		};
		77F13A67290AA75700F7354A /* Intro */ = {
			isa = PBXGroup;
			children = (
				77F13A69290AA76100F7354A /* VM */,
				77F13A68290AA75E00F7354A /* VC */,
			);
			path = Intro;
			sourceTree = "<group>";
		};
		77F13A68290AA75E00F7354A /* VC */ = {
			isa = PBXGroup;
			children = (
				77F13A43290AA4E000F7354A /* IntroViewController.swift */,
			);
			path = VC;
			sourceTree = "<group>";
		};
		77F13A69290AA76100F7354A /* VM */ = {
			isa = PBXGroup;
			children = (
				77F13A6A290AA76D00F7354A /* IntroViewModel.swift */,
			);
			path = VM;
			sourceTree = "<group>";
		};
		77F13A6C290AA78500F7354A /* Base */ = {
			isa = PBXGroup;
			children = (
				77F13A6D290AA79700F7354A /* BaseViewController.swift */,
				77F13A77290B566800F7354A /* BaseViewModel.swift */,
			);
			path = Base;
			sourceTree = "<group>";
		};
		77F13A75290B543F00F7354A /* SignIn */ = {
			isa = PBXGroup;
			children = (
				77F13A7C290B64E300F7354A /* VM */,
				77F13A7B290B64DF00F7354A /* VC */,
			);
			path = SignIn;
			sourceTree = "<group>";
		};
		77F13A7B290B64DF00F7354A /* VC */ = {
			isa = PBXGroup;
			children = (
				77F13A79290B64CB00F7354A /* SignInViewController.swift */,
			);
			path = VC;
			sourceTree = "<group>";
		};
		77F13A7C290B64E300F7354A /* VM */ = {
			isa = PBXGroup;
			children = (
				77F13A7D290B64F000F7354A /* SignInViewModel.swift */,
			);
			path = VM;
			sourceTree = "<group>";
		};
		77F13A7F290B656500F7354A /* SignUp */ = {
			isa = PBXGroup;
			children = (
				770D6C4929CC3E120085A250 /* SelectTheme */,
				770D6C0429B5D1D10085A250 /* CreateNickname */,
				770D6BFE29B5B3AC0085A250 /* CertificationNumber */,
				770D6BF229B565DF0085A250 /* CreateEmail */,
				770D6BF029B563B20085A250 /* CreatePw */,
			);
			path = SignUp;
			sourceTree = "<group>";
		};
		77F13A80290B656A00F7354A /* VC */ = {
			isa = PBXGroup;
			children = (
				77F13A84290B658800F7354A /* CreatePwViewController.swift */,
			);
			path = VC;
			sourceTree = "<group>";
		};
		77F13A81290B656F00F7354A /* VM */ = {
			isa = PBXGroup;
			children = (
				77F13A82290B657C00F7354A /* CreatePwViewModel.swift */,
			);
			path = VM;
			sourceTree = "<group>";
		};
		77F1F1952987CB8C00ED498E /* Sources */ = {
			isa = PBXGroup;
			children = (
				77F1F1962987CB9B00ED498E /* Application */,
				770D6C1A29B850910085A250 /* Data */,
				77F13A65290AA74A00F7354A /* Presentation */,
			);
			path = Sources;
			sourceTree = "<group>";
		};
		77F1F1962987CB9B00ED498E /* Application */ = {
			isa = PBXGroup;
			children = (
				77F1F1972987CBA700ED498E /* Flow */,
			);
			path = Application;
			sourceTree = "<group>";
		};
		77F1F1972987CBA700ED498E /* Flow */ = {
			isa = PBXGroup;
			children = (
				77F13A3F290AA4E000F7354A /* AppDelegate.swift */,
				77F13A41290AA4E000F7354A /* SceneDelegate.swift */,
				77F1F18F2986E3C000ED498E /* AppFlow.swift */,
				77F1F1992987CBC900ED498E /* Step */,
				77F1F1982987CBC200ED498E /* Flows */,
			);
			path = Flow;
			sourceTree = "<group>";
		};
		77F1F1982987CBC200ED498E /* Flows */ = {
			isa = PBXGroup;
			children = (
				770D6C4129C15D590085A250 /* Main */,
				77C22EC0298916AF004CC9EC /* LoginFlow.swift */,
			);
			path = Flows;
			sourceTree = "<group>";
		};
		77F1F1992987CBC900ED498E /* Step */ = {
			isa = PBXGroup;
			children = (
				77F1F1932987CABF00ED498E /* DailyStep.swift */,
			);
			path = Step;
			sourceTree = "<group>";
		};
/* End PBXGroup section */

/* Begin PBXNativeTarget section */
		77F13A3B290AA4E000F7354A /* daily */ = {
			isa = PBXNativeTarget;
			buildConfigurationList = 77F13A50290AA4E100F7354A /* Build configuration list for PBXNativeTarget "daily" */;
			buildPhases = (
				77F13A38290AA4E000F7354A /* Sources */,
				77F13A39290AA4E000F7354A /* Frameworks */,
				77F13A3A290AA4E000F7354A /* Resources */,
			);
			buildRules = (
			);
			dependencies = (
			);
			name = daily;
			packageProductDependencies = (
				77F13A54290AA5AF00F7354A /* Moya */,
				77F13A57290AA5BD00F7354A /* SnapKit */,
				77F13A5A290AA5C900F7354A /* Then */,
				77F13A5D290AA5DB00F7354A /* RxCocoa */,
				77F13A5F290AA5DB00F7354A /* RxSwift */,
				77F072672922547F007FE1DD /* FSCalendar */,
				77F1F1892986ACA000ED498E /* RxFlow */,
				770D6C1829B733F50085A250 /* DPOTPView */,
				770D6C4429C982050085A250 /* ViewAnimator */,
			);
			productName = daily;
			productReference = 77F13A3C290AA4E000F7354A /* daily.app */;
			productType = "com.apple.product-type.application";
		};
/* End PBXNativeTarget section */

/* Begin PBXProject section */
		77F13A34290AA4E000F7354A /* Project object */ = {
			isa = PBXProject;
			attributes = {
				BuildIndependentTargetsInParallel = 1;
				LastSwiftUpdateCheck = 1400;
				LastUpgradeCheck = 1400;
				TargetAttributes = {
					77F13A3B290AA4E000F7354A = {
						CreatedOnToolsVersion = 14.0.1;
					};
				};
			};
			buildConfigurationList = 77F13A37290AA4E000F7354A /* Build configuration list for PBXProject "daily" */;
			compatibilityVersion = "Xcode 14.0";
			developmentRegion = en;
			hasScannedForEncodings = 0;
			knownRegions = (
				en,
				Base,
			);
			mainGroup = 77F13A33290AA4E000F7354A;
			packageReferences = (
				77F13A53290AA5AF00F7354A /* XCRemoteSwiftPackageReference "Moya" */,
				77F13A56290AA5BD00F7354A /* XCRemoteSwiftPackageReference "SnapKit" */,
				77F13A59290AA5C900F7354A /* XCRemoteSwiftPackageReference "Then" */,
				77F13A5C290AA5DB00F7354A /* XCRemoteSwiftPackageReference "RxSwift" */,
				77F072662922547F007FE1DD /* XCRemoteSwiftPackageReference "FSCalendar" */,
				77F1F1882986ACA000ED498E /* XCRemoteSwiftPackageReference "RxFlow" */,
				770D6C1729B733F50085A250 /* XCRemoteSwiftPackageReference "DPOTPView" */,
				770D6C4329C982050085A250 /* XCRemoteSwiftPackageReference "ViewAnimator" */,
			);
			productRefGroup = 77F13A3D290AA4E000F7354A /* Products */;
			projectDirPath = "";
			projectRoot = "";
			targets = (
				77F13A3B290AA4E000F7354A /* daily */,
			);
		};
/* End PBXProject section */

/* Begin PBXResourcesBuildPhase section */
		77F13A3A290AA4E000F7354A /* Resources */ = {
			isa = PBXResourcesBuildPhase;
			buildActionMask = 2147483647;
			files = (
				77F13A4C290AA4E100F7354A /* LaunchScreen.storyboard in Resources */,
				77F13A49290AA4E100F7354A /* Assets.xcassets in Resources */,
			);
			runOnlyForDeploymentPostprocessing = 0;
		};
/* End PBXResourcesBuildPhase section */

/* Begin PBXSourcesBuildPhase section */
		77F13A38290AA4E000F7354A /* Sources */ = {
			isa = PBXSourcesBuildPhase;
			buildActionMask = 2147483647;
			files = (
				77F0727C29288798007FE1DD /* DailyCalender.swift in Sources */,
				77F1F1942987CABF00ED498E /* DailyStep.swift in Sources */,
				77F13A6E290AA79700F7354A /* BaseViewController.swift in Sources */,
				776FF4532A32F335007620D6 /* DiaryServices.swift in Sources */,
				770D6C4029C15D460085A250 /* ThemeFlow.swift in Sources */,
				77F0725F29209BDF007FE1DD /* DailyShadow.swift in Sources */,
				77F07259291DDBD8007FE1DD /* HomeViewController.swift in Sources */,
				770D6BF629B566120085A250 /* CreateEmailViewModel.swift in Sources */,
				779265232A387E2E00A19CFE /* AccountServices.swift in Sources */,
				770D6C3429B9D8300085A250 /* DailyLabel.swift in Sources */,
				770D6C2B29B9A9AC0085A250 /* ThemeViewController.swift in Sources */,
				77EE65D629DC0564001423E4 /* CheckEmailViewModel.swift in Sources */,
				77F13A44290AA4E000F7354A /* IntroViewController.swift in Sources */,
				77F13A40290AA4E000F7354A /* AppDelegate.swift in Sources */,
				77F13A42290AA4E000F7354A /* SceneDelegate.swift in Sources */,
				770D6C2129B87D730085A250 /* TextField.swift in Sources */,
				776FF4502A32F2C4007620D6 /* WriteRequest.swift in Sources */,
				77F0727829271064007FE1DD /* DailyViewModel.swift in Sources */,
				776FF44A2A32BF58007620D6 /* AuthServices.swift in Sources */,
				77F13A7E290B64F000F7354A /* SignInViewModel.swift in Sources */,
				77F13A6B290AA76D00F7354A /* IntroViewModel.swift in Sources */,
				77C22EC1298916AF004CC9EC /* LoginFlow.swift in Sources */,
				770D6C3E29C15D380085A250 /* ProfileFlow.swift in Sources */,
				770D6BF829B566470085A250 /* CreateEmailViewController.swift in Sources */,
				776FF45A2A371C82007620D6 /* ProfileServices.swift in Sources */,
				770D6C5029CD32FD0085A250 /* SeletThemeViewController.swift in Sources */,
				77EE65D429DC055A001423E4 /* CheckEmailViewController.swift in Sources */,
				770D6BFD29B5B3A50085A250 /* CertificationNumberViewModel.swift in Sources */,
				77F0738329E8181F00EE1FC9 /* Button.swift in Sources */,
				77F0725B291DDBE2007FE1DD /* HomeViewModel.swift in Sources */,
				776FF4562A371C1E007620D6 /* GetDiaryListModel.swift in Sources */,
				770D6C2D29B9A9B70085A250 /* ThemeViewModel.swift in Sources */,
				77F13A85290B658800F7354A /* CreatePwViewController.swift in Sources */,
				77F0727A29271195007FE1DD /* DailyNavigation.swift in Sources */,
				770D6C0829B5D2310085A250 /* CreateNicknameViewModel.swift in Sources */,
				776FF45D2A3809A1007620D6 /* DiaryDetailModel.swift in Sources */,
				77F0737E29E7C20E00EE1FC9 /* CarouselView.swift in Sources */,
				770D6C0329B5B3DC0085A250 /* CertificationNumberViewController.swift in Sources */,
				776FF4442A31D4F1007620D6 /* LoginModel.swift in Sources */,
				77EE65DC29DC05C6001423E4 /* ChangePasswordViewController.swift in Sources */,
				770D6C0A29B5D23D0085A250 /* CreateNicknameViewController.swift in Sources */,
				776FF44C2A32C04C007620D6 /* DailyToken.swift in Sources */,
				779265182A3868DA00A19CFE /* EditDiaryRequest.swift in Sources */,
				77F0726529223303007FE1DD /* DailyTabBar.swift in Sources */,
				77F13A7A290B64CB00F7354A /* SignInViewController.swift in Sources */,
				770D6C3C29C15D230085A250 /* TabBarFlow.swift in Sources */,
				77F0727629271028007FE1DD /* DailyViewController.swift in Sources */,
				7792651D2A386DE200A19CFE /* DiaryCountModel.swift in Sources */,
				77F13A78290B566800F7354A /* BaseViewModel.swift in Sources */,
				7759603929D2858700C1C8B4 /* SplashViewController.swift in Sources */,
				77F0738129E7DFD200EE1FC9 /* DailyButton.swift in Sources */,
				770D6C4829CAF7640085A250 /* ProfileCollectionCell.swift in Sources */,
				77F1F1902986E3C000ED498E /* AppFlow.swift in Sources */,
				770D6C2F29B9A9DC0085A250 /* ProfileViewModel.swift in Sources */,
				77EE65D829DC0588001423E4 /* AuthKeyViewController.swift in Sources */,
				776FF43E2A31D44D007620D6 /* BaseURL.swift in Sources */,
				770D6C5229CD33280085A250 /* SelectThemeViewModel.swift in Sources */,
				776FF4472A31D589007620D6 /* LoginRequest.swift in Sources */,
				770D6C4E29CC3E8E0085A250 /* SelectThemeCell.swift in Sources */,
				77EE662529DE4477001423E4 /* DailyTextField.swift in Sources */,
				77F0726129209BF1007FE1DD /* DailyColor.swift in Sources */,
				770D6C3129B9A9E60085A250 /* ProfileViewController.swift in Sources */,
				77CB722C2994E46900FB2336 /* MainFlow.swift in Sources */,
				77EE65DE29DC05D1001423E4 /* ChangePasswordViewModel.swift in Sources */,
				77EE65DA29DC05B8001423E4 /* AuthKeyViewModel.swift in Sources */,
				77F13A83290B657C00F7354A /* CreatePwViewModel.swift in Sources */,
			);
			runOnlyForDeploymentPostprocessing = 0;
		};
/* End PBXSourcesBuildPhase section */

/* Begin PBXVariantGroup section */
		77F13A4A290AA4E100F7354A /* LaunchScreen.storyboard */ = {
			isa = PBXVariantGroup;
			children = (
				77F13A4B290AA4E100F7354A /* Base */,
			);
			name = LaunchScreen.storyboard;
			sourceTree = "<group>";
		};
/* End PBXVariantGroup section */

/* Begin XCBuildConfiguration section */
		77F13A4E290AA4E100F7354A /* Debug */ = {
			isa = XCBuildConfiguration;
			buildSettings = {
				ALWAYS_SEARCH_USER_PATHS = NO;
				CLANG_ANALYZER_NONNULL = YES;
				CLANG_ANALYZER_NUMBER_OBJECT_CONVERSION = YES_AGGRESSIVE;
				CLANG_CXX_LANGUAGE_STANDARD = "gnu++20";
				CLANG_ENABLE_MODULES = YES;
				CLANG_ENABLE_OBJC_ARC = YES;
				CLANG_ENABLE_OBJC_WEAK = YES;
				CLANG_WARN_BLOCK_CAPTURE_AUTORELEASING = YES;
				CLANG_WARN_BOOL_CONVERSION = YES;
				CLANG_WARN_COMMA = YES;
				CLANG_WARN_CONSTANT_CONVERSION = YES;
				CLANG_WARN_DEPRECATED_OBJC_IMPLEMENTATIONS = YES;
				CLANG_WARN_DIRECT_OBJC_ISA_USAGE = YES_ERROR;
				CLANG_WARN_DOCUMENTATION_COMMENTS = YES;
				CLANG_WARN_EMPTY_BODY = YES;
				CLANG_WARN_ENUM_CONVERSION = YES;
				CLANG_WARN_INFINITE_RECURSION = YES;
				CLANG_WARN_INT_CONVERSION = YES;
				CLANG_WARN_NON_LITERAL_NULL_CONVERSION = YES;
				CLANG_WARN_OBJC_IMPLICIT_RETAIN_SELF = YES;
				CLANG_WARN_OBJC_LITERAL_CONVERSION = YES;
				CLANG_WARN_OBJC_ROOT_CLASS = YES_ERROR;
				CLANG_WARN_QUOTED_INCLUDE_IN_FRAMEWORK_HEADER = YES;
				CLANG_WARN_RANGE_LOOP_ANALYSIS = YES;
				CLANG_WARN_STRICT_PROTOTYPES = YES;
				CLANG_WARN_SUSPICIOUS_MOVE = YES;
				CLANG_WARN_UNGUARDED_AVAILABILITY = YES_AGGRESSIVE;
				CLANG_WARN_UNREACHABLE_CODE = YES;
				CLANG_WARN__DUPLICATE_METHOD_MATCH = YES;
				COPY_PHASE_STRIP = NO;
				DEBUG_INFORMATION_FORMAT = dwarf;
				ENABLE_STRICT_OBJC_MSGSEND = YES;
				ENABLE_TESTABILITY = YES;
				GCC_C_LANGUAGE_STANDARD = gnu11;
				GCC_DYNAMIC_NO_PIC = NO;
				GCC_NO_COMMON_BLOCKS = YES;
				GCC_OPTIMIZATION_LEVEL = 0;
				GCC_PREPROCESSOR_DEFINITIONS = (
					"DEBUG=1",
					"$(inherited)",
				);
				GCC_WARN_64_TO_32_BIT_CONVERSION = YES;
				GCC_WARN_ABOUT_RETURN_TYPE = YES_ERROR;
				GCC_WARN_UNDECLARED_SELECTOR = YES;
				GCC_WARN_UNINITIALIZED_AUTOS = YES_AGGRESSIVE;
				GCC_WARN_UNUSED_FUNCTION = YES;
				GCC_WARN_UNUSED_VARIABLE = YES;
				IPHONEOS_DEPLOYMENT_TARGET = 16.0;
				MTL_ENABLE_DEBUG_INFO = INCLUDE_SOURCE;
				MTL_FAST_MATH = YES;
				ONLY_ACTIVE_ARCH = YES;
				SDKROOT = iphoneos;
				SWIFT_ACTIVE_COMPILATION_CONDITIONS = DEBUG;
				SWIFT_OPTIMIZATION_LEVEL = "-Onone";
			};
			name = Debug;
		};
		77F13A4F290AA4E100F7354A /* Release */ = {
			isa = XCBuildConfiguration;
			buildSettings = {
				ALWAYS_SEARCH_USER_PATHS = NO;
				CLANG_ANALYZER_NONNULL = YES;
				CLANG_ANALYZER_NUMBER_OBJECT_CONVERSION = YES_AGGRESSIVE;
				CLANG_CXX_LANGUAGE_STANDARD = "gnu++20";
				CLANG_ENABLE_MODULES = YES;
				CLANG_ENABLE_OBJC_ARC = YES;
				CLANG_ENABLE_OBJC_WEAK = YES;
				CLANG_WARN_BLOCK_CAPTURE_AUTORELEASING = YES;
				CLANG_WARN_BOOL_CONVERSION = YES;
				CLANG_WARN_COMMA = YES;
				CLANG_WARN_CONSTANT_CONVERSION = YES;
				CLANG_WARN_DEPRECATED_OBJC_IMPLEMENTATIONS = YES;
				CLANG_WARN_DIRECT_OBJC_ISA_USAGE = YES_ERROR;
				CLANG_WARN_DOCUMENTATION_COMMENTS = YES;
				CLANG_WARN_EMPTY_BODY = YES;
				CLANG_WARN_ENUM_CONVERSION = YES;
				CLANG_WARN_INFINITE_RECURSION = YES;
				CLANG_WARN_INT_CONVERSION = YES;
				CLANG_WARN_NON_LITERAL_NULL_CONVERSION = YES;
				CLANG_WARN_OBJC_IMPLICIT_RETAIN_SELF = YES;
				CLANG_WARN_OBJC_LITERAL_CONVERSION = YES;
				CLANG_WARN_OBJC_ROOT_CLASS = YES_ERROR;
				CLANG_WARN_QUOTED_INCLUDE_IN_FRAMEWORK_HEADER = YES;
				CLANG_WARN_RANGE_LOOP_ANALYSIS = YES;
				CLANG_WARN_STRICT_PROTOTYPES = YES;
				CLANG_WARN_SUSPICIOUS_MOVE = YES;
				CLANG_WARN_UNGUARDED_AVAILABILITY = YES_AGGRESSIVE;
				CLANG_WARN_UNREACHABLE_CODE = YES;
				CLANG_WARN__DUPLICATE_METHOD_MATCH = YES;
				COPY_PHASE_STRIP = NO;
				DEBUG_INFORMATION_FORMAT = "dwarf-with-dsym";
				ENABLE_NS_ASSERTIONS = NO;
				ENABLE_STRICT_OBJC_MSGSEND = YES;
				GCC_C_LANGUAGE_STANDARD = gnu11;
				GCC_NO_COMMON_BLOCKS = YES;
				GCC_WARN_64_TO_32_BIT_CONVERSION = YES;
				GCC_WARN_ABOUT_RETURN_TYPE = YES_ERROR;
				GCC_WARN_UNDECLARED_SELECTOR = YES;
				GCC_WARN_UNINITIALIZED_AUTOS = YES_AGGRESSIVE;
				GCC_WARN_UNUSED_FUNCTION = YES;
				GCC_WARN_UNUSED_VARIABLE = YES;
				IPHONEOS_DEPLOYMENT_TARGET = 16.0;
				MTL_ENABLE_DEBUG_INFO = NO;
				MTL_FAST_MATH = YES;
				SDKROOT = iphoneos;
				SWIFT_COMPILATION_MODE = wholemodule;
				SWIFT_OPTIMIZATION_LEVEL = "-O";
				VALIDATE_PRODUCT = YES;
			};
			name = Release;
		};
		77F13A51290AA4E100F7354A /* Debug */ = {
			isa = XCBuildConfiguration;
			buildSettings = {
				ASSETCATALOG_COMPILER_APPICON_NAME = AppIcon;
				ASSETCATALOG_COMPILER_GLOBAL_ACCENT_COLOR_NAME = AccentColor;
				CODE_SIGN_STYLE = Automatic;
				CURRENT_PROJECT_VERSION = 1;
				GENERATE_INFOPLIST_FILE = YES;
				INFOPLIST_FILE = daily/Info.plist;
				INFOPLIST_KEY_UIApplicationSupportsIndirectInputEvents = YES;
				INFOPLIST_KEY_UILaunchStoryboardName = LaunchScreen;
				INFOPLIST_KEY_UISupportedInterfaceOrientations_iPad = "UIInterfaceOrientationPortrait UIInterfaceOrientationPortraitUpsideDown UIInterfaceOrientationLandscapeLeft UIInterfaceOrientationLandscapeRight";
				INFOPLIST_KEY_UISupportedInterfaceOrientations_iPhone = "UIInterfaceOrientationPortrait UIInterfaceOrientationLandscapeLeft UIInterfaceOrientationLandscapeRight";
				LD_RUNPATH_SEARCH_PATHS = (
					"$(inherited)",
					"@executable_path/Frameworks",
				);
				MARKETING_VERSION = 1.0;
				PRODUCT_BUNDLE_IDENTIFIER = Minjae.daily;
				PRODUCT_NAME = "$(TARGET_NAME)";
				SWIFT_EMIT_LOC_STRINGS = YES;
				SWIFT_VERSION = 5.0;
				TARGETED_DEVICE_FAMILY = "1,2";
			};
			name = Debug;
		};
		77F13A52290AA4E100F7354A /* Release */ = {
			isa = XCBuildConfiguration;
			buildSettings = {
				ASSETCATALOG_COMPILER_APPICON_NAME = AppIcon;
				ASSETCATALOG_COMPILER_GLOBAL_ACCENT_COLOR_NAME = AccentColor;
				CODE_SIGN_STYLE = Automatic;
				CURRENT_PROJECT_VERSION = 1;
				GENERATE_INFOPLIST_FILE = YES;
				INFOPLIST_FILE = daily/Info.plist;
				INFOPLIST_KEY_UIApplicationSupportsIndirectInputEvents = YES;
				INFOPLIST_KEY_UILaunchStoryboardName = LaunchScreen;
				INFOPLIST_KEY_UISupportedInterfaceOrientations_iPad = "UIInterfaceOrientationPortrait UIInterfaceOrientationPortraitUpsideDown UIInterfaceOrientationLandscapeLeft UIInterfaceOrientationLandscapeRight";
				INFOPLIST_KEY_UISupportedInterfaceOrientations_iPhone = "UIInterfaceOrientationPortrait UIInterfaceOrientationLandscapeLeft UIInterfaceOrientationLandscapeRight";
				LD_RUNPATH_SEARCH_PATHS = (
					"$(inherited)",
					"@executable_path/Frameworks",
				);
				MARKETING_VERSION = 1.0;
				PRODUCT_BUNDLE_IDENTIFIER = Minjae.daily;
				PRODUCT_NAME = "$(TARGET_NAME)";
				SWIFT_EMIT_LOC_STRINGS = YES;
				SWIFT_VERSION = 5.0;
				TARGETED_DEVICE_FAMILY = "1,2";
			};
			name = Release;
		};
/* End XCBuildConfiguration section */

/* Begin XCConfigurationList section */
		77F13A37290AA4E000F7354A /* Build configuration list for PBXProject "daily" */ = {
			isa = XCConfigurationList;
			buildConfigurations = (
				77F13A4E290AA4E100F7354A /* Debug */,
				77F13A4F290AA4E100F7354A /* Release */,
			);
			defaultConfigurationIsVisible = 0;
			defaultConfigurationName = Release;
		};
		77F13A50290AA4E100F7354A /* Build configuration list for PBXNativeTarget "daily" */ = {
			isa = XCConfigurationList;
			buildConfigurations = (
				77F13A51290AA4E100F7354A /* Debug */,
				77F13A52290AA4E100F7354A /* Release */,
			);
			defaultConfigurationIsVisible = 0;
			defaultConfigurationName = Release;
		};
/* End XCConfigurationList section */

/* Begin XCRemoteSwiftPackageReference section */
		770D6C1729B733F50085A250 /* XCRemoteSwiftPackageReference "DPOTPView" */ = {
			isa = XCRemoteSwiftPackageReference;
			repositoryURL = "https://github.com/Datt1994/DPOTPView";
			requirement = {
				branch = master;
				kind = branch;
			};
		};
		770D6C4329C982050085A250 /* XCRemoteSwiftPackageReference "ViewAnimator" */ = {
			isa = XCRemoteSwiftPackageReference;
			repositoryURL = "https://github.com/marcosgriselli/ViewAnimator";
			requirement = {
				kind = upToNextMajorVersion;
				minimumVersion = 3.0.0;
			};
		};
		77F072662922547F007FE1DD /* XCRemoteSwiftPackageReference "FSCalendar" */ = {
			isa = XCRemoteSwiftPackageReference;
			repositoryURL = "https://github.com/WenchaoD/FSCalendar";
			requirement = {
				kind = upToNextMajorVersion;
				minimumVersion = 2.0.0;
			};
		};
		77F13A53290AA5AF00F7354A /* XCRemoteSwiftPackageReference "Moya" */ = {
			isa = XCRemoteSwiftPackageReference;
			repositoryURL = "https://github.com/Moya/Moya";
			requirement = {
				branch = master;
				kind = branch;
			};
		};
		77F13A56290AA5BD00F7354A /* XCRemoteSwiftPackageReference "SnapKit" */ = {
			isa = XCRemoteSwiftPackageReference;
			repositoryURL = "https://github.com/SnapKit/SnapKit";
			requirement = {
				branch = develop;
				kind = branch;
			};
		};
		77F13A59290AA5C900F7354A /* XCRemoteSwiftPackageReference "Then" */ = {
			isa = XCRemoteSwiftPackageReference;
			repositoryURL = "https://github.com/devxoul/Then";
			requirement = {
				branch = master;
				kind = branch;
			};
		};
		77F13A5C290AA5DB00F7354A /* XCRemoteSwiftPackageReference "RxSwift" */ = {
			isa = XCRemoteSwiftPackageReference;
			repositoryURL = "https://github.com/ReactiveX/RxSwift";
			requirement = {
				branch = main;
				kind = branch;
			};
		};
		77F1F1882986ACA000ED498E /* XCRemoteSwiftPackageReference "RxFlow" */ = {
			isa = XCRemoteSwiftPackageReference;
			repositoryURL = "https://github.com/RxSwiftCommunity/RxFlow";
			requirement = {
				branch = main;
				kind = branch;
			};
		};
/* End XCRemoteSwiftPackageReference section */

/* Begin XCSwiftPackageProductDependency section */
		770D6C1829B733F50085A250 /* DPOTPView */ = {
			isa = XCSwiftPackageProductDependency;
			package = 770D6C1729B733F50085A250 /* XCRemoteSwiftPackageReference "DPOTPView" */;
			productName = DPOTPView;
		};
		770D6C4429C982050085A250 /* ViewAnimator */ = {
			isa = XCSwiftPackageProductDependency;
			package = 770D6C4329C982050085A250 /* XCRemoteSwiftPackageReference "ViewAnimator" */;
			productName = ViewAnimator;
		};
		77F072672922547F007FE1DD /* FSCalendar */ = {
			isa = XCSwiftPackageProductDependency;
			package = 77F072662922547F007FE1DD /* XCRemoteSwiftPackageReference "FSCalendar" */;
			productName = FSCalendar;
		};
		77F13A54290AA5AF00F7354A /* Moya */ = {
			isa = XCSwiftPackageProductDependency;
			package = 77F13A53290AA5AF00F7354A /* XCRemoteSwiftPackageReference "Moya" */;
			productName = Moya;
		};
		77F13A57290AA5BD00F7354A /* SnapKit */ = {
			isa = XCSwiftPackageProductDependency;
			package = 77F13A56290AA5BD00F7354A /* XCRemoteSwiftPackageReference "SnapKit" */;
			productName = SnapKit;
		};
		77F13A5A290AA5C900F7354A /* Then */ = {
			isa = XCSwiftPackageProductDependency;
			package = 77F13A59290AA5C900F7354A /* XCRemoteSwiftPackageReference "Then" */;
			productName = Then;
		};
		77F13A5D290AA5DB00F7354A /* RxCocoa */ = {
			isa = XCSwiftPackageProductDependency;
			package = 77F13A5C290AA5DB00F7354A /* XCRemoteSwiftPackageReference "RxSwift" */;
			productName = RxCocoa;
		};
		77F13A5F290AA5DB00F7354A /* RxSwift */ = {
			isa = XCSwiftPackageProductDependency;
			package = 77F13A5C290AA5DB00F7354A /* XCRemoteSwiftPackageReference "RxSwift" */;
			productName = RxSwift;
		};
		77F1F1892986ACA000ED498E /* RxFlow */ = {
			isa = XCSwiftPackageProductDependency;
			package = 77F1F1882986ACA000ED498E /* XCRemoteSwiftPackageReference "RxFlow" */;
			productName = RxFlow;
		};
/* End XCSwiftPackageProductDependency section */
	};
	rootObject = 77F13A34290AA4E000F7354A /* Project object */;
}
